
Microsoft Visual Studio Solution File, Format Version 11.00
# Visual Studio 2010
Project("{FAE04EC0-301F-11D3-BF4B-00C04F79EFBC}") = "AjustLeastSquare", "ajustMinSquare\AjustLeastSquare.csproj", "{1ED12A94-5A46-4290-93D1-9DC732178FF5}"
EndProject
Global
	GlobalSection(SolutionConfigurationPlatforms) = preSolution
		Debug|Any CPU = Debug|Any CPU
		Release|Any CPU = Release|Any CPU
	EndGlobalSection
	GlobalSection(ProjectConfigurationPlatforms) = postSolution
		{1ED12A94-5A46-4290-93D1-9DC732178FF5}.Debug|Any CPU.ActiveCfg = Debug|Any CPU
		{1ED12A94-5A46-4290-93D1-9DC732178FF5}.Debug|Any CPU.Build.0 = Debug|Any CPU
		{1ED12A94-5A46-4290-93D1-9DC732178FF5}.Release|Any CPU.ActiveCfg = Release|Any CPU
		{1ED12A94-5A46-4290-93D1-9DC732178FF5}.Release|Any CPU.Build.0 = Release|Any CPU
	EndGlobalSection
	GlobalSection(SolutionProperties) = preSolution
		HideSolutionNode = FALSE
	EndGlobalSection
EndGlobal
